// !$*UTF8*$!
{
	archiveVersion = 1;
	classes = {
	};
	objectVersion = 50;
	objects = {

/* Begin PBXBuildFile section */
		46FB5B8D26D9CFA400EC5CFE /* AppDelegate.swift in Sources */ = {isa = PBXBuildFile; fileRef = 46FB5B8C26D9CFA400EC5CFE /* AppDelegate.swift */; };
		46FB5B8F26D9CFA400EC5CFE /* SceneDelegate.swift in Sources */ = {isa = PBXBuildFile; fileRef = 46FB5B8E26D9CFA400EC5CFE /* SceneDelegate.swift */; };
		46FB5B9126D9CFA400EC5CFE /* ViewController.swift in Sources */ = {isa = PBXBuildFile; fileRef = 46FB5B9026D9CFA400EC5CFE /* ViewController.swift */; };
		46FB5B9426D9CFA400EC5CFE /* Main.storyboard in Resources */ = {isa = PBXBuildFile; fileRef = 46FB5B9226D9CFA400EC5CFE /* Main.storyboard */; };
		46FB5B9626D9CFA500EC5CFE /* Assets.xcassets in Resources */ = {isa = PBXBuildFile; fileRef = 46FB5B9526D9CFA500EC5CFE /* Assets.xcassets */; };
		46FB5B9926D9CFA500EC5CFE /* LaunchScreen.storyboard in Resources */ = {isa = PBXBuildFile; fileRef = 46FB5B9726D9CFA500EC5CFE /* LaunchScreen.storyboard */; };
/* End PBXBuildFile section */

/* Begin PBXFileReference section */
		46FB5B8926D9CFA400EC5CFE /* kadai5.app */ = {isa = PBXFileReference; explicitFileType = wrapper.application; includeInIndex = 0; path = kadai5.app; sourceTree = BUILT_PRODUCTS_DIR; };
		46FB5B8C26D9CFA400EC5CFE /* AppDelegate.swift */ = {isa = PBXFileReference; lastKnownFileType = sourcecode.swift; path = AppDelegate.swift; sourceTree = "<group>"; };
		46FB5B8E26D9CFA400EC5CFE /* SceneDelegate.swift */ = {isa = PBXFileReference; lastKnownFileType = sourcecode.swift; path = SceneDelegate.swift; sourceTree = "<group>"; };
		46FB5B9026D9CFA400EC5CFE /* ViewController.swift */ = {isa = PBXFileReference; lastKnownFileType = sourcecode.swift; path = ViewController.swift; sourceTree = "<group>"; };
		46FB5B9326D9CFA400EC5CFE /* Base */ = {isa = PBXFileReference; lastKnownFileType = file.storyboard; name = Base; path = Base.lproj/Main.storyboard; sourceTree = "<group>"; };
		46FB5B9526D9CFA500EC5CFE /* Assets.xcassets */ = {isa = PBXFileReference; lastKnownFileType = folder.assetcatalog; path = Assets.xcassets; sourceTree = "<group>"; };
		46FB5B9826D9CFA500EC5CFE /* Base */ = {isa = PBXFileReference; lastKnownFileType = file.storyboard; name = Base; path = Base.lproj/LaunchScreen.storyboard; sourceTree = "<group>"; };
		46FB5B9A26D9CFA500EC5CFE /* Info.plist */ = {isa = PBXFileReference; lastKnownFileType = text.plist.xml; path = Info.plist; sourceTree = "<group>"; };
/* End PBXFileReference section */

/* Begin PBXFrameworksBuildPhase section */
		46FB5B8626D9CFA400EC5CFE /* Frameworks */ = {
			isa = PBXFrameworksBuildPhase;
			buildActionMask = 2147483647;
			files = (
			);
			runOnlyForDeploymentPostprocessing = 0;
		};
/* End PBXFrameworksBuildPhase section */

/* Begin PBXGroup section */
		46FB5B8026D9CFA400EC5CFE = {
			isa = PBXGroup;
			children = (
				46FB5B8B26D9CFA400EC5CFE /* kadai5 */,
				46FB5B8A26D9CFA400EC5CFE /* Products */,
			);
			sourceTree = "<group>";
		};
		46FB5B8A26D9CFA400EC5CFE /* Products */ = {
			isa = PBXGroup;
			children = (
				46FB5B8926D9CFA400EC5CFE /* kadai5.app */,
			);
			name = Products;
			sourceTree = "<group>";
		};
		46FB5B8B26D9CFA400EC5CFE /* kadai5 */ = {
			isa = PBXGroup;
			children = (
				46FB5B8C26D9CFA400EC5CFE /* AppDelegate.swift */,
				46FB5B8E26D9CFA400EC5CFE /* SceneDelegate.swift */,
				46FB5B9026D9CFA400EC5CFE /* ViewController.swift */,
				46FB5B9226D9CFA400EC5CFE /* Main.storyboard */,
				46FB5B9526D9CFA500EC5CFE /* Assets.xcassets */,
				46FB5B9726D9CFA500EC5CFE /* LaunchScreen.storyboard */,
				46FB5B9A26D9CFA500EC5CFE /* Info.plist */,
			);
			path = kadai5;
			sourceTree = "<group>";
		};
/* End PBXGroup section */

/* Begin PBXNativeTarget section */
		46FB5B8826D9CFA400EC5CFE /* kadai5 */ = {
			isa = PBXNativeTarget;
			buildConfigurationList = 46FB5B9D26D9CFA500EC5CFE /* Build configuration list for PBXNativeTarget "kadai5" */;
			buildPhases = (
				46FB5B8526D9CFA400EC5CFE /* Sources */,
				46FB5B8626D9CFA400EC5CFE /* Frameworks */,
				46FB5B8726D9CFA400EC5CFE /* Resources */,
			);
			buildRules = (
			);
			dependencies = (
			);
			name = kadai5;
			productName = kadai5;
			productReference = 46FB5B8926D9CFA400EC5CFE /* kadai5.app */;
			productType = "com.apple.product-type.application";
		};
/* End PBXNativeTarget section */

/* Begin PBXProject section */
		46FB5B8126D9CFA400EC5CFE /* Project object */ = {
			isa = PBXProject;
			attributes = {
				LastSwiftUpdateCheck = 1250;
				LastUpgradeCheck = 1250;
				TargetAttributes = {
					46FB5B8826D9CFA400EC5CFE = {
						CreatedOnToolsVersion = 12.5.1;
					};
				};
			};
			buildConfigurationList = 46FB5B8426D9CFA400EC5CFE /* Build configuration list for PBXProject "kadai5" */;
			compatibilityVersion = "Xcode 9.3";
			developmentRegion = en;
			hasScannedForEncodings = 0;
			knownRegions = (
				en,
				Base,
			);
			mainGroup = 46FB5B8026D9CFA400EC5CFE;
			productRefGroup = 46FB5B8A26D9CFA400EC5CFE /* Products */;
			projectDirPath = "";
			projectRoot = "";
			targets = (
				46FB5B8826D9CFA400EC5CFE /* kadai5 */,
			);
		};
/* End PBXProject section */

/* Begin PBXResourcesBuildPhase section */
		46FB5B8726D9CFA400EC5CFE /* Resources */ = {
			isa = PBXResourcesBuildPhase;
			buildActionMask = 2147483647;
			files = (
				46FB5B9926D9CFA500EC5CFE /* LaunchScreen.storyboard in Resources */,
				46FB5B9626D9CFA500EC5CFE /* Assets.xcassets in Resources */,
				46FB5B9426D9CFA400EC5CFE /* Main.storyboard in Resources */,
			);
			runOnlyForDeploymentPostprocessing = 0;
		};
/* End PBXResourcesBuildPhase section */

/* Begin PBXSourcesBuildPhase section */
		46FB5B8526D9CFA400EC5CFE /* Sources */ = {
			isa = PBXSourcesBuildPhase;
			buildActionMask = 2147483647;
			files = (
				46FB5B9126D9CFA400EC5CFE /* ViewController.swift in Sources */,
				46FB5B8D26D9CFA400EC5CFE /* AppDelegate.swift in Sources */,
				46FB5B8F26D9CFA400EC5CFE /* SceneDelegate.swift in Sources */,
			);
			runOnlyForDeploymentPostprocessing = 0;
		};
/* End PBXSourcesBuildPhase section */

/* Begin PBXVariantGroup section */
		46FB5B9226D9CFA400EC5CFE /* Main.storyboard */ = {
			isa = PBXVariantGroup;
			children = (
				46FB5B9326D9CFA400EC5CFE /* Base */,
			);
			name = Main.storyboard;
			sourceTree = "<group>";
		};
		46FB5B9726D9CFA500EC5CFE /* LaunchScreen.storyboard */ = {
			isa = PBXVariantGroup;
			children = (
				46FB5B9826D9CFA500EC5CFE /* Base */,
			);
			name = LaunchScreen.storyboard;
			sourceTree = "<group>";
		};
/* End PBXVariantGroup section */

/* Begin XCBuildConfiguration section */
		46FB5B9B26D9CFA500EC5CFE /* Debug */ = {
			isa = XCBuildConfiguration;
			buildSettings = {
				ALWAYS_SEARCH_USER_PATHS = NO;
				CLANG_ANALYZER_NONNULL = YES;
				CLANG_ANALYZER_NUMBER_OBJECT_CONVERSION = YES_AGGRESSIVE;
				CLANG_CXX_LANGUAGE_STANDARD = "gnu++14";
				CLANG_CXX_LIBRARY = "libc++";
				CLANG_ENABLE_MODULES = YES;
				CLANG_ENABLE_OBJC_ARC = YES;
				CLANG_ENABLE_OBJC_WEAK = YES;
				CLANG_WARN_BLOCK_CAPTURE_AUTORELEASING = YES;
				CLANG_WARN_BOOL_CONVERSION = YES;
				CLANG_WARN_COMMA = YES;
				CLANG_WARN_CONSTANT_CONVERSION = YES;
				CLANG_WARN_DEPRECATED_OBJC_IMPLEMENTATIONS = YES;
				CLANG_WARN_DIRECT_OBJC_ISA_USAGE = YES_ERROR;
				CLANG_WARN_DOCUMENTATION_COMMENTS = YES;
				CLANG_WARN_EMPTY_BODY = YES;
				CLANG_WARN_ENUM_CONVERSION = YES;
				CLANG_WARN_INFINITE_RECURSION = YES;
				CLANG_WARN_INT_CONVERSION = YES;
				CLANG_WARN_NON_LITERAL_NULL_CONVERSION = YES;
				CLANG_WARN_OBJC_IMPLICIT_RETAIN_SELF = YES;
				CLANG_WARN_OBJC_LITERAL_CONVERSION = YES;
				CLANG_WARN_OBJC_ROOT_CLASS = YES_ERROR;
				CLANG_WARN_QUOTED_INCLUDE_IN_FRAMEWORK_HEADER = YES;
				CLANG_WARN_RANGE_LOOP_ANALYSIS = YES;
				CLANG_WARN_STRICT_PROTOTYPES = YES;
				CLANG_WARN_SUSPICIOUS_MOVE = YES;
				CLANG_WARN_UNGUARDED_AVAILABILITY = YES_AGGRESSIVE;
				CLANG_WARN_UNREACHABLE_CODE = YES;
				CLANG_WARN__DUPLICATE_METHOD_MATCH = YES;
				COPY_PHASE_STRIP = NO;
				DEBUG_INFORMATION_FORMAT = dwarf;
				ENABLE_STRICT_OBJC_MSGSEND = YES;
				ENABLE_TESTABILITY = YES;
				GCC_C_LANGUAGE_STANDARD = gnu11;
				GCC_DYNAMIC_NO_PIC = NO;
				GCC_NO_COMMON_BLOCKS = YES;
				GCC_OPTIMIZATION_LEVEL = 0;
				GCC_PREPROCESSOR_DEFINITIONS = (
					"DEBUG=1",
					"$(inherited)",
				);
				GCC_WARN_64_TO_32_BIT_CONVERSION = YES;
				GCC_WARN_ABOUT_RETURN_TYPE = YES_ERROR;
				GCC_WARN_UNDECLARED_SELECTOR = YES;
				GCC_WARN_UNINITIALIZED_AUTOS = YES_AGGRESSIVE;
				GCC_WARN_UNUSED_FUNCTION = YES;
				GCC_WARN_UNUSED_VARIABLE = YES;
				IPHONEOS_DEPLOYMENT_TARGET = 14.5;
				MTL_ENABLE_DEBUG_INFO = INCLUDE_SOURCE;
				MTL_FAST_MATH = YES;
				ONLY_ACTIVE_ARCH = YES;
				SDKROOT = iphoneos;
				SWIFT_ACTIVE_COMPILATION_CONDITIONS = DEBUG;
				SWIFT_OPTIMIZATION_LEVEL = "-Onone";
			};
			name = Debug;
		};
		46FB5B9C26D9CFA500EC5CFE /* Release */ = {
			isa = XCBuildConfiguration;
			buildSettings = {
				ALWAYS_SEARCH_USER_PATHS = NO;
				CLANG_ANALYZER_NONNULL = YES;
				CLANG_ANALYZER_NUMBER_OBJECT_CONVERSION = YES_AGGRESSIVE;
				CLANG_CXX_LANGUAGE_STANDARD = "gnu++14";
				CLANG_CXX_LIBRARY = "libc++";
				CLANG_ENABLE_MODULES = YES;
				CLANG_ENABLE_OBJC_ARC = YES;
				CLANG_ENABLE_OBJC_WEAK = YES;
				CLANG_WARN_BLOCK_CAPTURE_AUTORELEASING = YES;
				CLANG_WARN_BOOL_CONVERSION = YES;
				CLANG_WARN_COMMA = YES;
				CLANG_WARN_CONSTANT_CONVERSION = YES;
				CLANG_WARN_DEPRECATED_OBJC_IMPLEMENTATIONS = YES;
				CLANG_WARN_DIRECT_OBJC_ISA_USAGE = YES_ERROR;
				CLANG_WARN_DOCUMENTATION_COMMENTS = YES;
				CLANG_WARN_EMPTY_BODY = YES;
				CLANG_WARN_ENUM_CONVERSION = YES;
				CLANG_WARN_INFINITE_RECURSION = YES;
				CLANG_WARN_INT_CONVERSION = YES;
				CLANG_WARN_NON_LITERAL_NULL_CONVERSION = YES;
				CLANG_WARN_OBJC_IMPLICIT_RETAIN_SELF = YES;
				CLANG_WARN_OBJC_LITERAL_CONVERSION = YES;
				CLANG_WARN_OBJC_ROOT_CLASS = YES_ERROR;
				CLANG_WARN_QUOTED_INCLUDE_IN_FRAMEWORK_HEADER = YES;
				CLANG_WARN_RANGE_LOOP_ANALYSIS = YES;
				CLANG_WARN_STRICT_PROTOTYPES = YES;
				CLANG_WARN_SUSPICIOUS_MOVE = YES;
				CLANG_WARN_UNGUARDED_AVAILABILITY = YES_AGGRESSIVE;
				CLANG_WARN_UNREACHABLE_CODE = YES;
				CLANG_WARN__DUPLICATE_METHOD_MATCH = YES;
				COPY_PHASE_STRIP = NO;
				DEBUG_INFORMATION_FORMAT = "dwarf-with-dsym";
				ENABLE_NS_ASSERTIONS = NO;
				ENABLE_STRICT_OBJC_MSGSEND = YES;
				GCC_C_LANGUAGE_STANDARD = gnu11;
				GCC_NO_COMMON_BLOCKS = YES;
				GCC_WARN_64_TO_32_BIT_CONVERSION = YES;
				GCC_WARN_ABOUT_RETURN_TYPE = YES_ERROR;
				GCC_WARN_UNDECLARED_SELECTOR = YES;
				GCC_WARN_UNINITIALIZED_AUTOS = YES_AGGRESSIVE;
				GCC_WARN_UNUSED_FUNCTION = YES;
				GCC_WARN_UNUSED_VARIABLE = YES;
				IPHONEOS_DEPLOYMENT_TARGET = 14.5;
				MTL_ENABLE_DEBUG_INFO = NO;
				MTL_FAST_MATH = YES;
				SDKROOT = iphoneos;
				SWIFT_COMPILATION_MODE = wholemodule;
				SWIFT_OPTIMIZATION_LEVEL = "-O";
				VALIDATE_PRODUCT = YES;
			};
			name = Release;
		};
		46FB5B9E26D9CFA500EC5CFE /* Debug */ = {
			isa = XCBuildConfiguration;
			buildSettings = {
				ASSETCATALOG_COMPILER_APPICON_NAME = AppIcon;
				ASSETCATALOG_COMPILER_GLOBAL_ACCENT_COLOR_NAME = AccentColor;
				CODE_SIGN_STYLE = Automatic;
				DEVELOPMENT_TEAM = XT3SV4PKDK;
				INFOPLIST_FILE = kadai5/Info.plist;
				LD_RUNPATH_SEARCH_PATHS = (
					"$(inherited)",
					"@executable_path/Frameworks",
				);
				PRODUCT_BUNDLE_IDENTIFIER = ryuji.kadai5;
				PRODUCT_NAME = "$(TARGET_NAME)";
				SWIFT_VERSION = 5.0;
				TARGETED_DEVICE_FAMILY = "1,2";
			};
			name = Debug;
		};
		46FB5B9F26D9CFA500EC5CFE /* Release */ = {
			isa = XCBuildConfiguration;
			buildSettings = {
				ASSETCATALOG_COMPILER_APPICON_NAME = AppIcon;
				ASSETCATALOG_COMPILER_GLOBAL_ACCENT_COLOR_NAME = AccentColor;
				CODE_SIGN_STYLE = Automatic;
				DEVELOPMENT_TEAM = XT3SV4PKDK;
				INFOPLIST_FILE = kadai5/Info.plist;
				LD_RUNPATH_SEARCH_PATHS = (
					"$(inherited)",
					"@executable_path/Frameworks",
				);
				PRODUCT_BUNDLE_IDENTIFIER = ryuji.kadai5;
				PRODUCT_NAME = "$(TARGET_NAME)";
				SWIFT_VERSION = 5.0;
				TARGETED_DEVICE_FAMILY = "1,2";
			};
			name = Release;
		};
/* End XCBuildConfiguration section */

/* Begin XCConfigurationList section */
		46FB5B8426D9CFA400EC5CFE /* Build configuration list for PBXProject "kadai5" */ = {
			isa = XCConfigurationList;
			buildConfigurations = (
				46FB5B9B26D9CFA500EC5CFE /* Debug */,
				46FB5B9C26D9CFA500EC5CFE /* Release */,
			);
			defaultConfigurationIsVisible = 0;
			defaultConfigurationName = Release;
		};
		46FB5B9D26D9CFA500EC5CFE /* Build configuration list for PBXNativeTarget "kadai5" */ = {
			isa = XCConfigurationList;
			buildConfigurations = (
				46FB5B9E26D9CFA500EC5CFE /* Debug */,
				46FB5B9F26D9CFA500EC5CFE /* Release */,
			);
			defaultConfigurationIsVisible = 0;
			defaultConfigurationName = Release;
		};
/* End XCConfigurationList section */
	};
	rootObject = 46FB5B8126D9CFA400EC5CFE /* Project object */;
}
